
Microsoft Visual Studio Solution File, Format Version 12.00
# Visual Studio 15
VisualStudioVersion = 15.0.28010.0
MinimumVisualStudioVersion = 10.0.40219.1
Project("{9A19103F-16F7-4668-BE54-9A1E7A4F7556}") = "BraviChessReact", "BraviChessReact\BraviChessReact.csproj", "{1B4516BE-0182-4C4D-8CAE-FFC969374D5C}"
EndProject
Project("{FAE04EC0-301F-11D3-BF4B-00C04F79EFBC}") = "BraviChessReact.Test", "BraviChessReact.Test\BraviChessReact.Test.csproj", "{A62E69FD-9B41-4298-ABA4-3E46C449476E}"
EndProject
Global
	GlobalSection(SolutionConfigurationPlatforms) = preSolution
		Debug|Any CPU = Debug|Any CPU
		Debug|x64 = Debug|x64
		Release|Any CPU = Release|Any CPU
		Release|x64 = Release|x64
	EndGlobalSection
	GlobalSection(ProjectConfigurationPlatforms) = postSolution
		{1B4516BE-0182-4C4D-8CAE-FFC969374D5C}.Debug|Any CPU.ActiveCfg = Debug|Any CPU
		{1B4516BE-0182-4C4D-8CAE-FFC969374D5C}.Debug|Any CPU.Build.0 = Debug|Any CPU
		{1B4516BE-0182-4C4D-8CAE-FFC969374D5C}.Debug|x64.ActiveCfg = Debug|Any CPU
		{1B4516BE-0182-4C4D-8CAE-FFC969374D5C}.Debug|x64.Build.0 = Debug|Any CPU
		{1B4516BE-0182-4C4D-8CAE-FFC969374D5C}.Release|Any CPU.ActiveCfg = Release|Any CPU
		{1B4516BE-0182-4C4D-8CAE-FFC969374D5C}.Release|Any CPU.Build.0 = Release|Any CPU
		{1B4516BE-0182-4C4D-8CAE-FFC969374D5C}.Release|x64.ActiveCfg = Release|Any CPU
		{1B4516BE-0182-4C4D-8CAE-FFC969374D5C}.Release|x64.Build.0 = Release|Any CPU
		{A62E69FD-9B41-4298-ABA4-3E46C449476E}.Debug|Any CPU.ActiveCfg = Debug|Any CPU
		{A62E69FD-9B41-4298-ABA4-3E46C449476E}.Debug|Any CPU.Build.0 = Debug|Any CPU
		{A62E69FD-9B41-4298-ABA4-3E46C449476E}.Debug|x64.ActiveCfg = Debug|Any CPU
		{A62E69FD-9B41-4298-ABA4-3E46C449476E}.Debug|x64.Build.0 = Debug|Any CPU
		{A62E69FD-9B41-4298-ABA4-3E46C449476E}.Release|Any CPU.ActiveCfg = Release|Any CPU
		{A62E69FD-9B41-4298-ABA4-3E46C449476E}.Release|Any CPU.Build.0 = Release|Any CPU
		{A62E69FD-9B41-4298-ABA4-3E46C449476E}.Release|x64.ActiveCfg = Release|Any CPU
		{A62E69FD-9B41-4298-ABA4-3E46C449476E}.Release|x64.Build.0 = Release|Any CPU
	EndGlobalSection
	GlobalSection(SolutionProperties) = preSolution
		HideSolutionNode = FALSE
	EndGlobalSection
	GlobalSection(ExtensibilityGlobals) = postSolution
		SolutionGuid = {B55E72FC-9A08-41C5-B158-DAE49AEA4974}
	EndGlobalSection
EndGlobal
